
Microsoft Visual Studio Solution File, Format Version 12.00
# Visual Studio 2012
Project("{FAE04EC0-301F-11D3-BF4B-00C04F79EFBC}") = "GrowIt", "GrowIt\GrowIt\GrowIt.csproj", "{B81545F6-6E3B-4DF5-8246-2F248E925527}"
EndProject
Project("{96E2B04D-8817-42C6-938A-82C39BA4D311}") = "GrowItContent", "GrowIt\GrowItContent\GrowItContent.contentproj", "{F709D954-E653-4B0E-9E9E-8B42932D6B2D}"
EndProject
Global
	GlobalSection(SolutionConfigurationPlatforms) = preSolution
		Debug|x86 = Debug|x86
		Release|x86 = Release|x86
	EndGlobalSection
	GlobalSection(ProjectConfigurationPlatforms) = postSolution
		{B81545F6-6E3B-4DF5-8246-2F248E925527}.Debug|x86.ActiveCfg = Debug|x86
		{B81545F6-6E3B-4DF5-8246-2F248E925527}.Debug|x86.Build.0 = Debug|x86
		{B81545F6-6E3B-4DF5-8246-2F248E925527}.Release|x86.ActiveCfg = Release|x86
		{B81545F6-6E3B-4DF5-8246-2F248E925527}.Release|x86.Build.0 = Release|x86
		{F709D954-E653-4B0E-9E9E-8B42932D6B2D}.Debug|x86.ActiveCfg = Debug|x86
		{F709D954-E653-4B0E-9E9E-8B42932D6B2D}.Release|x86.ActiveCfg = Release|x86
	EndGlobalSection
	GlobalSection(SolutionProperties) = preSolution
		HideSolutionNode = FALSE
	EndGlobalSection
EndGlobal
