
Microsoft Visual Studio Solution File, Format Version 12.00
# Visual Studio 2012
Project("{FAE04EC0-301F-11D3-BF4B-00C04F79EFBC}") = "growit", "growit\growit.csproj", "{2A8EB429-B0A2-45BF-8267-21B1136D1697}"
EndProject
Global
	GlobalSection(SolutionConfigurationPlatforms) = preSolution
		Debug|Any CPU = Debug|Any CPU
		Release|Any CPU = Release|Any CPU
	EndGlobalSection
	GlobalSection(ProjectConfigurationPlatforms) = postSolution
		{2A8EB429-B0A2-45BF-8267-21B1136D1697}.Debug|Any CPU.ActiveCfg = Debug|Any CPU
		{2A8EB429-B0A2-45BF-8267-21B1136D1697}.Debug|Any CPU.Build.0 = Debug|Any CPU
		{2A8EB429-B0A2-45BF-8267-21B1136D1697}.Release|Any CPU.ActiveCfg = Release|Any CPU
		{2A8EB429-B0A2-45BF-8267-21B1136D1697}.Release|Any CPU.Build.0 = Release|Any CPU
	EndGlobalSection
	GlobalSection(SolutionProperties) = preSolution
		HideSolutionNode = FALSE
	EndGlobalSection
EndGlobal
